
Microsoft Visual Studio Solution File, Format Version 12.00
# Visual Studio 15
VisualStudioVersion = 15.0.27004.2005
MinimumVisualStudioVersion = 10.0.40219.1
Project("{FAE04EC0-301F-11D3-BF4B-00C04F79EFBC}") = "BB.Core", "BB.Core\BB.Core.csproj", "{3F31E3D7-EB99-4069-9EA2-F928A9ED4272}"
EndProject
Project("{FAE04EC0-301F-11D3-BF4B-00C04F79EFBC}") = "BB.Api", "BB.Api\BB.Api.csproj", "{7ABA8D9A-B143-4F51-9EB3-859CADB8033D}"
EndProject
Project("{FAE04EC0-301F-11D3-BF4B-00C04F79EFBC}") = "BB.Web", "BB.Web\BB.Web.csproj", "{BC4686BF-2E64-4AB8-BF49-56AD7FDDDBDF}"
EndProject
Project("{FAE04EC0-301F-11D3-BF4B-00C04F79EFBC}") = "ManualTestsProject", "ManualTestsProject\ManualTestsProject.csproj", "{50492203-A22A-468F-8D25-D108372CB697}"
EndProject
Global
	GlobalSection(SolutionConfigurationPlatforms) = preSolution
		Debug|Any CPU = Debug|Any CPU
		Release|Any CPU = Release|Any CPU
	EndGlobalSection
	GlobalSection(ProjectConfigurationPlatforms) = postSolution
		{3F31E3D7-EB99-4069-9EA2-F928A9ED4272}.Debug|Any CPU.ActiveCfg = Debug|Any CPU
		{3F31E3D7-EB99-4069-9EA2-F928A9ED4272}.Debug|Any CPU.Build.0 = Debug|Any CPU
		{3F31E3D7-EB99-4069-9EA2-F928A9ED4272}.Release|Any CPU.ActiveCfg = Release|Any CPU
		{3F31E3D7-EB99-4069-9EA2-F928A9ED4272}.Release|Any CPU.Build.0 = Release|Any CPU
		{7ABA8D9A-B143-4F51-9EB3-859CADB8033D}.Debug|Any CPU.ActiveCfg = Debug|Any CPU
		{7ABA8D9A-B143-4F51-9EB3-859CADB8033D}.Debug|Any CPU.Build.0 = Debug|Any CPU
		{7ABA8D9A-B143-4F51-9EB3-859CADB8033D}.Release|Any CPU.ActiveCfg = Release|Any CPU
		{7ABA8D9A-B143-4F51-9EB3-859CADB8033D}.Release|Any CPU.Build.0 = Release|Any CPU
		{BC4686BF-2E64-4AB8-BF49-56AD7FDDDBDF}.Debug|Any CPU.ActiveCfg = Debug|Any CPU
		{BC4686BF-2E64-4AB8-BF49-56AD7FDDDBDF}.Debug|Any CPU.Build.0 = Debug|Any CPU
		{BC4686BF-2E64-4AB8-BF49-56AD7FDDDBDF}.Release|Any CPU.ActiveCfg = Release|Any CPU
		{BC4686BF-2E64-4AB8-BF49-56AD7FDDDBDF}.Release|Any CPU.Build.0 = Release|Any CPU
		{50492203-A22A-468F-8D25-D108372CB697}.Debug|Any CPU.ActiveCfg = Debug|Any CPU
		{50492203-A22A-468F-8D25-D108372CB697}.Debug|Any CPU.Build.0 = Debug|Any CPU
		{50492203-A22A-468F-8D25-D108372CB697}.Release|Any CPU.ActiveCfg = Release|Any CPU
		{50492203-A22A-468F-8D25-D108372CB697}.Release|Any CPU.Build.0 = Release|Any CPU
	EndGlobalSection
	GlobalSection(SolutionProperties) = preSolution
		HideSolutionNode = FALSE
	EndGlobalSection
	GlobalSection(ExtensibilityGlobals) = postSolution
		SolutionGuid = {504B7384-F3C9-4708-86CC-A2A16D3B5791}
	EndGlobalSection
EndGlobal
